// !$*UTF8*$!
{
	archiveVersion = 1;
	classes = {
	};
	objectVersion = 50;
	objects = {

/* Begin PBXBuildFile section */
		D54A3D7B22F20C7F00CBA08F /* AppDelegate.swift in Sources */ = {isa = PBXBuildFile; fileRef = D54A3D7A22F20C7F00CBA08F /* AppDelegate.swift */; };
		D54A3D7D22F20C7F00CBA08F /* ViewController.swift in Sources */ = {isa = PBXBuildFile; fileRef = D54A3D7C22F20C7F00CBA08F /* ViewController.swift */; };
		D54A3D8022F20C7F00CBA08F /* Main.storyboard in Resources */ = {isa = PBXBuildFile; fileRef = D54A3D7E22F20C7F00CBA08F /* Main.storyboard */; };
		D54A3D8222F20C8000CBA08F /* Assets.xcassets in Resources */ = {isa = PBXBuildFile; fileRef = D54A3D8122F20C8000CBA08F /* Assets.xcassets */; };
		D54A3D8522F20C8000CBA08F /* LaunchScreen.storyboard in Resources */ = {isa = PBXBuildFile; fileRef = D54A3D8322F20C8000CBA08F /* LaunchScreen.storyboard */; };
		D54A3D9022F20C8000CBA08F /* githubTestTests.swift in Sources */ = {isa = PBXBuildFile; fileRef = D54A3D8F22F20C8000CBA08F /* githubTestTests.swift */; };
/* End PBXBuildFile section */

/* Begin PBXContainerItemProxy section */
		D54A3D8C22F20C8000CBA08F /* PBXContainerItemProxy */ = {
			isa = PBXContainerItemProxy;
			containerPortal = D54A3D6F22F20C7F00CBA08F /* Project object */;
			proxyType = 1;
			remoteGlobalIDString = D54A3D7622F20C7F00CBA08F;
			remoteInfo = githubTest;
		};
/* End PBXContainerItemProxy section */

/* Begin PBXFileReference section */
		D54A3D7722F20C7F00CBA08F /* githubTest.app */ = {isa = PBXFileReference; explicitFileType = wrapper.application; includeInIndex = 0; path = githubTest.app; sourceTree = BUILT_PRODUCTS_DIR; };
		D54A3D7A22F20C7F00CBA08F /* AppDelegate.swift */ = {isa = PBXFileReference; lastKnownFileType = sourcecode.swift; path = AppDelegate.swift; sourceTree = "<group>"; };
		D54A3D7C22F20C7F00CBA08F /* ViewController.swift */ = {isa = PBXFileReference; lastKnownFileType = sourcecode.swift; path = ViewController.swift; sourceTree = "<group>"; };
		D54A3D7F22F20C7F00CBA08F /* Base */ = {isa = PBXFileReference; lastKnownFileType = file.storyboard; name = Base; path = Base.lproj/Main.storyboard; sourceTree = "<group>"; };
		D54A3D8122F20C8000CBA08F /* Assets.xcassets */ = {isa = PBXFileReference; lastKnownFileType = folder.assetcatalog; path = Assets.xcassets; sourceTree = "<group>"; };
		D54A3D8422F20C8000CBA08F /* Base */ = {isa = PBXFileReference; lastKnownFileType = file.storyboard; name = Base; path = Base.lproj/LaunchScreen.storyboard; sourceTree = "<group>"; };
		D54A3D8622F20C8000CBA08F /* Info.plist */ = {isa = PBXFileReference; lastKnownFileType = text.plist.xml; path = Info.plist; sourceTree = "<group>"; };
		D54A3D8B22F20C8000CBA08F /* githubTestTests.xctest */ = {isa = PBXFileReference; explicitFileType = wrapper.cfbundle; includeInIndex = 0; path = githubTestTests.xctest; sourceTree = BUILT_PRODUCTS_DIR; };
		D54A3D8F22F20C8000CBA08F /* githubTestTests.swift */ = {isa = PBXFileReference; lastKnownFileType = sourcecode.swift; path = githubTestTests.swift; sourceTree = "<group>"; };
		D54A3D9122F20C8000CBA08F /* Info.plist */ = {isa = PBXFileReference; lastKnownFileType = text.plist.xml; path = Info.plist; sourceTree = "<group>"; };
/* End PBXFileReference section */

/* Begin PBXFrameworksBuildPhase section */
		D54A3D7422F20C7F00CBA08F /* Frameworks */ = {
			isa = PBXFrameworksBuildPhase;
			buildActionMask = 2147483647;
			files = (
			);
			runOnlyForDeploymentPostprocessing = 0;
		};
		D54A3D8822F20C8000CBA08F /* Frameworks */ = {
			isa = PBXFrameworksBuildPhase;
			buildActionMask = 2147483647;
			files = (
			);
			runOnlyForDeploymentPostprocessing = 0;
		};
/* End PBXFrameworksBuildPhase section */

/* Begin PBXGroup section */
		D54A3D6E22F20C7F00CBA08F = {
			isa = PBXGroup;
			children = (
				D54A3D7922F20C7F00CBA08F /* githubTest */,
				D54A3D8E22F20C8000CBA08F /* githubTestTests */,
				D54A3D7822F20C7F00CBA08F /* Products */,
			);
			sourceTree = "<group>";
		};
		D54A3D7822F20C7F00CBA08F /* Products */ = {
			isa = PBXGroup;
			children = (
				D54A3D7722F20C7F00CBA08F /* githubTest.app */,
				D54A3D8B22F20C8000CBA08F /* githubTestTests.xctest */,
			);
			name = Products;
			sourceTree = "<group>";
		};
		D54A3D7922F20C7F00CBA08F /* githubTest */ = {
			isa = PBXGroup;
			children = (
				D54A3D7A22F20C7F00CBA08F /* AppDelegate.swift */,
				D54A3D7C22F20C7F00CBA08F /* ViewController.swift */,
				D54A3D7E22F20C7F00CBA08F /* Main.storyboard */,
				D54A3D8122F20C8000CBA08F /* Assets.xcassets */,
				D54A3D8322F20C8000CBA08F /* LaunchScreen.storyboard */,
				D54A3D8622F20C8000CBA08F /* Info.plist */,
			);
			path = githubTest;
			sourceTree = "<group>";
		};
		D54A3D8E22F20C8000CBA08F /* githubTestTests */ = {
			isa = PBXGroup;
			children = (
				D54A3D8F22F20C8000CBA08F /* githubTestTests.swift */,
				D54A3D9122F20C8000CBA08F /* Info.plist */,
			);
			path = githubTestTests;
			sourceTree = "<group>";
		};
/* End PBXGroup section */

/* Begin PBXNativeTarget section */
		D54A3D7622F20C7F00CBA08F /* githubTest */ = {
			isa = PBXNativeTarget;
			buildConfigurationList = D54A3D9422F20C8000CBA08F /* Build configuration list for PBXNativeTarget "githubTest" */;
			buildPhases = (
				D54A3D7322F20C7F00CBA08F /* Sources */,
				D54A3D7422F20C7F00CBA08F /* Frameworks */,
				D54A3D7522F20C7F00CBA08F /* Resources */,
			);
			buildRules = (
			);
			dependencies = (
			);
			name = githubTest;
			productName = githubTest;
			productReference = D54A3D7722F20C7F00CBA08F /* githubTest.app */;
			productType = "com.apple.product-type.application";
		};
		D54A3D8A22F20C8000CBA08F /* githubTestTests */ = {
			isa = PBXNativeTarget;
			buildConfigurationList = D54A3D9722F20C8000CBA08F /* Build configuration list for PBXNativeTarget "githubTestTests" */;
			buildPhases = (
				D54A3D8722F20C8000CBA08F /* Sources */,
				D54A3D8822F20C8000CBA08F /* Frameworks */,
				D54A3D8922F20C8000CBA08F /* Resources */,
			);
			buildRules = (
			);
			dependencies = (
				D54A3D8D22F20C8000CBA08F /* PBXTargetDependency */,
			);
			name = githubTestTests;
			productName = githubTestTests;
			productReference = D54A3D8B22F20C8000CBA08F /* githubTestTests.xctest */;
			productType = "com.apple.product-type.bundle.unit-test";
		};
/* End PBXNativeTarget section */

/* Begin PBXProject section */
		D54A3D6F22F20C7F00CBA08F /* Project object */ = {
			isa = PBXProject;
			attributes = {
				LastSwiftUpdateCheck = 1030;
				LastUpgradeCheck = 1030;
				ORGANIZATIONNAME = Dreams;
				TargetAttributes = {
					D54A3D7622F20C7F00CBA08F = {
						CreatedOnToolsVersion = 10.3;
					};
					D54A3D8A22F20C8000CBA08F = {
						CreatedOnToolsVersion = 10.3;
						TestTargetID = D54A3D7622F20C7F00CBA08F;
					};
				};
			};
			buildConfigurationList = D54A3D7222F20C7F00CBA08F /* Build configuration list for PBXProject "githubTest" */;
			compatibilityVersion = "Xcode 9.3";
			developmentRegion = en;
			hasScannedForEncodings = 0;
			knownRegions = (
				en,
				Base,
			);
			mainGroup = D54A3D6E22F20C7F00CBA08F;
			productRefGroup = D54A3D7822F20C7F00CBA08F /* Products */;
			projectDirPath = "";
			projectRoot = "";
			targets = (
				D54A3D7622F20C7F00CBA08F /* githubTest */,
				D54A3D8A22F20C8000CBA08F /* githubTestTests */,
			);
		};
/* End PBXProject section */

/* Begin PBXResourcesBuildPhase section */
		D54A3D7522F20C7F00CBA08F /* Resources */ = {
			isa = PBXResourcesBuildPhase;
			buildActionMask = 2147483647;
			files = (
				D54A3D8522F20C8000CBA08F /* LaunchScreen.storyboard in Resources */,
				D54A3D8222F20C8000CBA08F /* Assets.xcassets in Resources */,
				D54A3D8022F20C7F00CBA08F /* Main.storyboard in Resources */,
			);
			runOnlyForDeploymentPostprocessing = 0;
		};
		D54A3D8922F20C8000CBA08F /* Resources */ = {
			isa = PBXResourcesBuildPhase;
			buildActionMask = 2147483647;
			files = (
			);
			runOnlyForDeploymentPostprocessing = 0;
		};
/* End PBXResourcesBuildPhase section */

/* Begin PBXSourcesBuildPhase section */
		D54A3D7322F20C7F00CBA08F /* Sources */ = {
			isa = PBXSourcesBuildPhase;
			buildActionMask = 2147483647;
			files = (
				D54A3D7D22F20C7F00CBA08F /* ViewController.swift in Sources */,
				D54A3D7B22F20C7F00CBA08F /* AppDelegate.swift in Sources */,
			);
			runOnlyForDeploymentPostprocessing = 0;
		};
		D54A3D8722F20C8000CBA08F /* Sources */ = {
			isa = PBXSourcesBuildPhase;
			buildActionMask = 2147483647;
			files = (
				D54A3D9022F20C8000CBA08F /* githubTestTests.swift in Sources */,
			);
			runOnlyForDeploymentPostprocessing = 0;
		};
/* End PBXSourcesBuildPhase section */

/* Begin PBXTargetDependency section */
		D54A3D8D22F20C8000CBA08F /* PBXTargetDependency */ = {
			isa = PBXTargetDependency;
			target = D54A3D7622F20C7F00CBA08F /* githubTest */;
			targetProxy = D54A3D8C22F20C8000CBA08F /* PBXContainerItemProxy */;
		};
/* End PBXTargetDependency section */

/* Begin PBXVariantGroup section */
		D54A3D7E22F20C7F00CBA08F /* Main.storyboard */ = {
			isa = PBXVariantGroup;
			children = (
				D54A3D7F22F20C7F00CBA08F /* Base */,
			);
			name = Main.storyboard;
			sourceTree = "<group>";
		};
		D54A3D8322F20C8000CBA08F /* LaunchScreen.storyboard */ = {
			isa = PBXVariantGroup;
			children = (
				D54A3D8422F20C8000CBA08F /* Base */,
			);
			name = LaunchScreen.storyboard;
			sourceTree = "<group>";
		};
/* End PBXVariantGroup section */

/* Begin XCBuildConfiguration section */
		D54A3D9222F20C8000CBA08F /* Debug */ = {
			isa = XCBuildConfiguration;
			buildSettings = {
				ALWAYS_SEARCH_USER_PATHS = NO;
				CLANG_ANALYZER_NONNULL = YES;
				CLANG_ANALYZER_NUMBER_OBJECT_CONVERSION = YES_AGGRESSIVE;
				CLANG_CXX_LANGUAGE_STANDARD = "gnu++14";
				CLANG_CXX_LIBRARY = "libc++";
				CLANG_ENABLE_MODULES = YES;
				CLANG_ENABLE_OBJC_ARC = YES;
				CLANG_ENABLE_OBJC_WEAK = YES;
				CLANG_WARN_BLOCK_CAPTURE_AUTORELEASING = YES;
				CLANG_WARN_BOOL_CONVERSION = YES;
				CLANG_WARN_COMMA = YES;
				CLANG_WARN_CONSTANT_CONVERSION = YES;
				CLANG_WARN_DEPRECATED_OBJC_IMPLEMENTATIONS = YES;
				CLANG_WARN_DIRECT_OBJC_ISA_USAGE = YES_ERROR;
				CLANG_WARN_DOCUMENTATION_COMMENTS = YES;
				CLANG_WARN_EMPTY_BODY = YES;
				CLANG_WARN_ENUM_CONVERSION = YES;
				CLANG_WARN_INFINITE_RECURSION = YES;
				CLANG_WARN_INT_CONVERSION = YES;
				CLANG_WARN_NON_LITERAL_NULL_CONVERSION = YES;
				CLANG_WARN_OBJC_IMPLICIT_RETAIN_SELF = YES;
				CLANG_WARN_OBJC_LITERAL_CONVERSION = YES;
				CLANG_WARN_OBJC_ROOT_CLASS = YES_ERROR;
				CLANG_WARN_RANGE_LOOP_ANALYSIS = YES;
				CLANG_WARN_STRICT_PROTOTYPES = YES;
				CLANG_WARN_SUSPICIOUS_MOVE = YES;
				CLANG_WARN_UNGUARDED_AVAILABILITY = YES_AGGRESSIVE;
				CLANG_WARN_UNREACHABLE_CODE = YES;
				CLANG_WARN__DUPLICATE_METHOD_MATCH = YES;
				CODE_SIGN_IDENTITY = "iPhone Developer";
				COPY_PHASE_STRIP = NO;
				DEBUG_INFORMATION_FORMAT = dwarf;
				ENABLE_STRICT_OBJC_MSGSEND = YES;
				ENABLE_TESTABILITY = YES;
				GCC_C_LANGUAGE_STANDARD = gnu11;
				GCC_DYNAMIC_NO_PIC = NO;
				GCC_NO_COMMON_BLOCKS = YES;
				GCC_OPTIMIZATION_LEVEL = 0;
				GCC_PREPROCESSOR_DEFINITIONS = (
					"DEBUG=1",
					"$(inherited)",
				);
				GCC_WARN_64_TO_32_BIT_CONVERSION = YES;
				GCC_WARN_ABOUT_RETURN_TYPE = YES_ERROR;
				GCC_WARN_UNDECLARED_SELECTOR = YES;
				GCC_WARN_UNINITIALIZED_AUTOS = YES_AGGRESSIVE;
				GCC_WARN_UNUSED_FUNCTION = YES;
				GCC_WARN_UNUSED_VARIABLE = YES;
				IPHONEOS_DEPLOYMENT_TARGET = 12.4;
				MTL_ENABLE_DEBUG_INFO = INCLUDE_SOURCE;
				MTL_FAST_MATH = YES;
				ONLY_ACTIVE_ARCH = YES;
				SDKROOT = iphoneos;
				SWIFT_ACTIVE_COMPILATION_CONDITIONS = DEBUG;
				SWIFT_OPTIMIZATION_LEVEL = "-Onone";
			};
			name = Debug;
		};
		D54A3D9322F20C8000CBA08F /* Release */ = {
			isa = XCBuildConfiguration;
			buildSettings = {
				ALWAYS_SEARCH_USER_PATHS = NO;
				CLANG_ANALYZER_NONNULL = YES;
				CLANG_ANALYZER_NUMBER_OBJECT_CONVERSION = YES_AGGRESSIVE;
				CLANG_CXX_LANGUAGE_STANDARD = "gnu++14";
				CLANG_CXX_LIBRARY = "libc++";
				CLANG_ENABLE_MODULES = YES;
				CLANG_ENABLE_OBJC_ARC = YES;
				CLANG_ENABLE_OBJC_WEAK = YES;
				CLANG_WARN_BLOCK_CAPTURE_AUTORELEASING = YES;
				CLANG_WARN_BOOL_CONVERSION = YES;
				CLANG_WARN_COMMA = YES;
				CLANG_WARN_CONSTANT_CONVERSION = YES;
				CLANG_WARN_DEPRECATED_OBJC_IMPLEMENTATIONS = YES;
				CLANG_WARN_DIRECT_OBJC_ISA_USAGE = YES_ERROR;
				CLANG_WARN_DOCUMENTATION_COMMENTS = YES;
				CLANG_WARN_EMPTY_BODY = YES;
				CLANG_WARN_ENUM_CONVERSION = YES;
				CLANG_WARN_INFINITE_RECURSION = YES;
				CLANG_WARN_INT_CONVERSION = YES;
				CLANG_WARN_NON_LITERAL_NULL_CONVERSION = YES;
				CLANG_WARN_OBJC_IMPLICIT_RETAIN_SELF = YES;
				CLANG_WARN_OBJC_LITERAL_CONVERSION = YES;
				CLANG_WARN_OBJC_ROOT_CLASS = YES_ERROR;
				CLANG_WARN_RANGE_LOOP_ANALYSIS = YES;
				CLANG_WARN_STRICT_PROTOTYPES = YES;
				CLANG_WARN_SUSPICIOUS_MOVE = YES;
				CLANG_WARN_UNGUARDED_AVAILABILITY = YES_AGGRESSIVE;
				CLANG_WARN_UNREACHABLE_CODE = YES;
				CLANG_WARN__DUPLICATE_METHOD_MATCH = YES;
				CODE_SIGN_IDENTITY = "iPhone Developer";
				COPY_PHASE_STRIP = NO;
				DEBUG_INFORMATION_FORMAT = "dwarf-with-dsym";
				ENABLE_NS_ASSERTIONS = NO;
				ENABLE_STRICT_OBJC_MSGSEND = YES;
				GCC_C_LANGUAGE_STANDARD = gnu11;
				GCC_NO_COMMON_BLOCKS = YES;
				GCC_WARN_64_TO_32_BIT_CONVERSION = YES;
				GCC_WARN_ABOUT_RETURN_TYPE = YES_ERROR;
				GCC_WARN_UNDECLARED_SELECTOR = YES;
				GCC_WARN_UNINITIALIZED_AUTOS = YES_AGGRESSIVE;
				GCC_WARN_UNUSED_FUNCTION = YES;
				GCC_WARN_UNUSED_VARIABLE = YES;
				IPHONEOS_DEPLOYMENT_TARGET = 12.4;
				MTL_ENABLE_DEBUG_INFO = NO;
				MTL_FAST_MATH = YES;
				SDKROOT = iphoneos;
				SWIFT_COMPILATION_MODE = wholemodule;
				SWIFT_OPTIMIZATION_LEVEL = "-O";
				VALIDATE_PRODUCT = YES;
			};
			name = Release;
		};
		D54A3D9522F20C8000CBA08F /* Debug */ = {
			isa = XCBuildConfiguration;
			buildSettings = {
				ASSETCATALOG_COMPILER_APPICON_NAME = AppIcon;
				CODE_SIGN_STYLE = Automatic;
				INFOPLIST_FILE = githubTest/Info.plist;
				LD_RUNPATH_SEARCH_PATHS = (
					"$(inherited)",
					"@executable_path/Frameworks",
				);
				PRODUCT_BUNDLE_IDENTIFIER = com.app.githubTest;
				PRODUCT_NAME = "$(TARGET_NAME)";
				SWIFT_VERSION = 5.0;
				TARGETED_DEVICE_FAMILY = "1,2";
			};
			name = Debug;
		};
		D54A3D9622F20C8000CBA08F /* Release */ = {
			isa = XCBuildConfiguration;
			buildSettings = {
				ASSETCATALOG_COMPILER_APPICON_NAME = AppIcon;
				CODE_SIGN_STYLE = Automatic;
				INFOPLIST_FILE = githubTest/Info.plist;
				LD_RUNPATH_SEARCH_PATHS = (
					"$(inherited)",
					"@executable_path/Frameworks",
				);
				PRODUCT_BUNDLE_IDENTIFIER = com.app.githubTest;
				PRODUCT_NAME = "$(TARGET_NAME)";
				SWIFT_VERSION = 5.0;
				TARGETED_DEVICE_FAMILY = "1,2";
			};
			name = Release;
		};
		D54A3D9822F20C8000CBA08F /* Debug */ = {
			isa = XCBuildConfiguration;
			buildSettings = {
				ALWAYS_EMBED_SWIFT_STANDARD_LIBRARIES = YES;
				BUNDLE_LOADER = "$(TEST_HOST)";
				CODE_SIGN_STYLE = Automatic;
				INFOPLIST_FILE = githubTestTests/Info.plist;
				LD_RUNPATH_SEARCH_PATHS = (
					"$(inherited)",
					"@executable_path/Frameworks",
					"@loader_path/Frameworks",
				);
				PRODUCT_BUNDLE_IDENTIFIER = com.app.githubTestTests;
				PRODUCT_NAME = "$(TARGET_NAME)";
				SWIFT_VERSION = 5.0;
				TARGETED_DEVICE_FAMILY = "1,2";
				TEST_HOST = "$(BUILT_PRODUCTS_DIR)/githubTest.app/githubTest";
			};
			name = Debug;
		};
		D54A3D9922F20C8000CBA08F /* Release */ = {
			isa = XCBuildConfiguration;
			buildSettings = {
				ALWAYS_EMBED_SWIFT_STANDARD_LIBRARIES = YES;
				BUNDLE_LOADER = "$(TEST_HOST)";
				CODE_SIGN_STYLE = Automatic;
				INFOPLIST_FILE = githubTestTests/Info.plist;
				LD_RUNPATH_SEARCH_PATHS = (
					"$(inherited)",
					"@executable_path/Frameworks",
					"@loader_path/Frameworks",
				);
				PRODUCT_BUNDLE_IDENTIFIER = com.app.githubTestTests;
				PRODUCT_NAME = "$(TARGET_NAME)";
				SWIFT_VERSION = 5.0;
				TARGETED_DEVICE_FAMILY = "1,2";
				TEST_HOST = "$(BUILT_PRODUCTS_DIR)/githubTest.app/githubTest";
			};
			name = Release;
		};
/* End XCBuildConfiguration section */

/* Begin XCConfigurationList section */
		D54A3D7222F20C7F00CBA08F /* Build configuration list for PBXProject "githubTest" */ = {
			isa = XCConfigurationList;
			buildConfigurations = (
				D54A3D9222F20C8000CBA08F /* Debug */,
				D54A3D9322F20C8000CBA08F /* Release */,
			);
			defaultConfigurationIsVisible = 0;
			defaultConfigurationName = Release;
		};
		D54A3D9422F20C8000CBA08F /* Build configuration list for PBXNativeTarget "githubTest" */ = {
			isa = XCConfigurationList;
			buildConfigurations = (
				D54A3D9522F20C8000CBA08F /* Debug */,
				D54A3D9622F20C8000CBA08F /* Release */,
			);
			defaultConfigurationIsVisible = 0;
			defaultConfigurationName = Release;
		};
		D54A3D9722F20C8000CBA08F /* Build configuration list for PBXNativeTarget "githubTestTests" */ = {
			isa = XCConfigurationList;
			buildConfigurations = (
				D54A3D9822F20C8000CBA08F /* Debug */,
				D54A3D9922F20C8000CBA08F /* Release */,
			);
			defaultConfigurationIsVisible = 0;
			defaultConfigurationName = Release;
		};
/* End XCConfigurationList section */
	};
	rootObject = D54A3D6F22F20C7F00CBA08F /* Project object */;
}
